// !$*UTF8*$!
{
	archiveVersion = 1;
	classes = {
	};
	objectVersion = 46;
	objects = {

/* Begin PBXBuildFile section */
		160308B51CA6BC82001FD5FB /* Activity+CoreDataProperties.swift in Sources */ = {isa = PBXBuildFile; fileRef = 160308B31CA6BC82001FD5FB /* Activity+CoreDataProperties.swift */; };
		163FCB641C99CD43000D495C /* ViewControllerVisitMap.swift in Sources */ = {isa = PBXBuildFile; fileRef = 163FCB631C99CD43000D495C /* ViewControllerVisitMap.swift */; };
		1646A7911C9035AD00A236FB /* Location.swift in Sources */ = {isa = PBXBuildFile; fileRef = 1646A78D1C9035AD00A236FB /* Location.swift */; };
		1646A7951C90384600A236FB /* LocationSet.swift in Sources */ = {isa = PBXBuildFile; fileRef = 1646A7941C90384600A236FB /* LocationSet.swift */; };
		165C79171C9B00B50097F2E9 /* ViewControllerMyActivities.swift in Sources */ = {isa = PBXBuildFile; fileRef = 165C79161C9B00B50097F2E9 /* ViewControllerMyActivities.swift */; };
		165C791B1C9B04710097F2E9 /* TableViewCellMyActivities.swift in Sources */ = {isa = PBXBuildFile; fileRef = 165C791A1C9B04710097F2E9 /* TableViewCellMyActivities.swift */; };
		167E75471C91C26A00AB50A1 /* Main.storyboard in Resources */ = {isa = PBXBuildFile; fileRef = 167E75461C91C26A00AB50A1 /* Main.storyboard */; };
		167E75491C91DB9B00AB50A1 /* TableViewCellSpeaker.swift in Sources */ = {isa = PBXBuildFile; fileRef = 167E75481C91DB9B00AB50A1 /* TableViewCellSpeaker.swift */; };
		167E754B1C91E02A00AB50A1 /* SpeakerSet.swift in Sources */ = {isa = PBXBuildFile; fileRef = 167E754A1C91E02A00AB50A1 /* SpeakerSet.swift */; };
		168FCA0F1CA45B780025CEC7 /* TestActivitySet.swift in Sources */ = {isa = PBXBuildFile; fileRef = 168FCA0D1CA45B780025CEC7 /* TestActivitySet.swift */; };
		168FCA121CA46D880025CEC7 /* testLocationSet.swift in Sources */ = {isa = PBXBuildFile; fileRef = 168FCA111CA46D880025CEC7 /* testLocationSet.swift */; };
		168FCA141CA46E100025CEC7 /* testVisitSet.swift in Sources */ = {isa = PBXBuildFile; fileRef = 168FCA131CA46E100025CEC7 /* testVisitSet.swift */; };
		168FCA161CA46E910025CEC7 /* testSpeakerSet.swift in Sources */ = {isa = PBXBuildFile; fileRef = 168FCA151CA46E910025CEC7 /* testSpeakerSet.swift */; };
		169B890C1C92FC5D00F34E88 /* ViewControllerDetailSpeaker.swift in Sources */ = {isa = PBXBuildFile; fileRef = 169B890B1C92FC5D00F34E88 /* ViewControllerDetailSpeaker.swift */; };
		169B890E1C931B6000F34E88 /* Assets.xcassets in Resources */ = {isa = PBXBuildFile; fileRef = 169B890D1C931B6000F34E88 /* Assets.xcassets */; };
		169B89101C931D2E00F34E88 /* ViewControllerRestaurants.swift in Sources */ = {isa = PBXBuildFile; fileRef = 169B890F1C931D2E00F34E88 /* ViewControllerRestaurants.swift */; };
		16E094A11C96F29A00A40500 /* Speaker+CoreDataProperties.swift in Sources */ = {isa = PBXBuildFile; fileRef = 16E0949A1C96F29A00A40500 /* Speaker+CoreDataProperties.swift */; };
		16E094A31C96F29A00A40500 /* Visit.swift in Sources */ = {isa = PBXBuildFile; fileRef = 16E0949C1C96F29A00A40500 /* Visit.swift */; };
		16E094AB1C975FF400A40500 /* VisitSet.swift in Sources */ = {isa = PBXBuildFile; fileRef = 16E094AA1C975FF400A40500 /* VisitSet.swift */; };
		16E094AF1C98027200A40500 /* ViewControllerVisit.swift in Sources */ = {isa = PBXBuildFile; fileRef = 16E094AE1C98027200A40500 /* ViewControllerVisit.swift */; };
		16E094B31C98046200A40500 /* TableViewCellVisit.swift in Sources */ = {isa = PBXBuildFile; fileRef = 16E094B21C98046200A40500 /* TableViewCellVisit.swift */; };
		16E094B41C98046200A40500 /* TableViewCellVisit.swift in Sources */ = {isa = PBXBuildFile; fileRef = 16E094B21C98046200A40500 /* TableViewCellVisit.swift */; };
		16E094B51C98046200A40500 /* TableViewCellVisit.swift in Sources */ = {isa = PBXBuildFile; fileRef = 16E094B21C98046200A40500 /* TableViewCellVisit.swift */; };
		16E094BF1C980EBA00A40500 /* Visit+CoreDataProperties.swift in Sources */ = {isa = PBXBuildFile; fileRef = 16E094BE1C980EBA00A40500 /* Visit+CoreDataProperties.swift */; };
		16FDFB401C9B4CAC00F85C02 /* ViewControllerMap.swift in Sources */ = {isa = PBXBuildFile; fileRef = 16FDFB3F1C9B4CAC00F85C02 /* ViewControllerMap.swift */; };
		16FDFB441C9B554300F85C02 /* TableViewCellRestaurant.swift in Sources */ = {isa = PBXBuildFile; fileRef = 16FDFB431C9B554300F85C02 /* TableViewCellRestaurant.swift */; };
		16FDFB451C9B554300F85C02 /* TableViewCellRestaurant.swift in Sources */ = {isa = PBXBuildFile; fileRef = 16FDFB431C9B554300F85C02 /* TableViewCellRestaurant.swift */; };
		16FDFB461C9B554300F85C02 /* TableViewCellRestaurant.swift in Sources */ = {isa = PBXBuildFile; fileRef = 16FDFB431C9B554300F85C02 /* TableViewCellRestaurant.swift */; };
		16FDFB481C9B5AEC00F85C02 /* ViewControllerDetailRestaurants.swift in Sources */ = {isa = PBXBuildFile; fileRef = 16FDFB471C9B5AEC00F85C02 /* ViewControllerDetailRestaurants.swift */; };
		16FDFB551C9C547900F85C02 /* Location+CoreDataProperties.swift in Sources */ = {isa = PBXBuildFile; fileRef = 16FDFB531C9C547900F85C02 /* Location+CoreDataProperties.swift */; };
		C43EBB811C88E6DB00F89D90 /* AppDelegate.swift in Sources */ = {isa = PBXBuildFile; fileRef = C43EBB801C88E6DB00F89D90 /* AppDelegate.swift */; };
		C43EBB831C88E6DB00F89D90 /* ViewController.swift in Sources */ = {isa = PBXBuildFile; fileRef = C43EBB821C88E6DB00F89D90 /* ViewController.swift */; };
		C43EBB891C88E6DB00F89D90 /* fisu.xcdatamodeld in Sources */ = {isa = PBXBuildFile; fileRef = C43EBB871C88E6DB00F89D90 /* fisu.xcdatamodeld */; };
		C43EBB8E1C88E6DB00F89D90 /* LaunchScreen.storyboard in Resources */ = {isa = PBXBuildFile; fileRef = C43EBB8C1C88E6DB00F89D90 /* LaunchScreen.storyboard */; };
		C43EBB991C88E6DB00F89D90 /* fisuTests.swift in Sources */ = {isa = PBXBuildFile; fileRef = C43EBB981C88E6DB00F89D90 /* fisuTests.swift */; };
		C43EBBA41C88E6DB00F89D90 /* fisuUITests.swift in Sources */ = {isa = PBXBuildFile; fileRef = C43EBBA31C88E6DB00F89D90 /* fisuUITests.swift */; };
		C43EBBB21C88E77300F89D90 /* Activity.swift in Sources */ = {isa = PBXBuildFile; fileRef = C43EBBB11C88E77300F89D90 /* Activity.swift */; };
		C43EBBB51C88E9E100F89D90 /* ActivitySet.swift in Sources */ = {isa = PBXBuildFile; fileRef = C43EBBB41C88E9E100F89D90 /* ActivitySet.swift */; };
		C43EBBBE1C88F12700F89D90 /* ActivityEnum.swift in Sources */ = {isa = PBXBuildFile; fileRef = C43EBBBD1C88F12700F89D90 /* ActivityEnum.swift */; };
		C45763201C8D714700695060 /* ViewControllerDetailActivity.swift in Sources */ = {isa = PBXBuildFile; fileRef = C457631F1C8D714700695060 /* ViewControllerDetailActivity.swift */; };
		C4FC20131C8A400C003C7FB7 /* TableViewCellHomePage.swift in Sources */ = {isa = PBXBuildFile; fileRef = C4FC20121C8A400C003C7FB7 /* TableViewCellHomePage.swift */; };
		C4FDF7DB1C909F4B0009E0D8 /* Speaker.swift in Sources */ = {isa = PBXBuildFile; fileRef = C4FDF7D91C909F4B0009E0D8 /* Speaker.swift */; };
		C4FDF7E71C90A3030009E0D8 /* ViewControllerConference.swift in Sources */ = {isa = PBXBuildFile; fileRef = C4FDF7E61C90A3030009E0D8 /* ViewControllerConference.swift */; };
/* End PBXBuildFile section */

/* Begin PBXContainerItemProxy section */
		C43EBB951C88E6DB00F89D90 /* PBXContainerItemProxy */ = {
			isa = PBXContainerItemProxy;
			containerPortal = C43EBB751C88E6DB00F89D90 /* Project object */;
			proxyType = 1;
			remoteGlobalIDString = C43EBB7C1C88E6DB00F89D90;
			remoteInfo = fisu;
		};
		C43EBBA01C88E6DB00F89D90 /* PBXContainerItemProxy */ = {
			isa = PBXContainerItemProxy;
			containerPortal = C43EBB751C88E6DB00F89D90 /* Project object */;
			proxyType = 1;
			remoteGlobalIDString = C43EBB7C1C88E6DB00F89D90;
			remoteInfo = fisu;
		};
/* End PBXContainerItemProxy section */

/* Begin PBXFileReference section */
		160308B31CA6BC82001FD5FB /* Activity+CoreDataProperties.swift */ = {isa = PBXFileReference; fileEncoding = 4; lastKnownFileType = sourcecode.swift; name = "Activity+CoreDataProperties.swift"; path = "../Activity+CoreDataProperties.swift"; sourceTree = "<group>"; };
		163FCB631C99CD43000D495C /* ViewControllerVisitMap.swift */ = {isa = PBXFileReference; fileEncoding = 4; lastKnownFileType = sourcecode.swift; path = ViewControllerVisitMap.swift; sourceTree = "<group>"; };
		1646A78D1C9035AD00A236FB /* Location.swift */ = {isa = PBXFileReference; fileEncoding = 4; lastKnownFileType = sourcecode.swift; path = Location.swift; sourceTree = "<group>"; };
		1646A7941C90384600A236FB /* LocationSet.swift */ = {isa = PBXFileReference; fileEncoding = 4; lastKnownFileType = sourcecode.swift; path = LocationSet.swift; sourceTree = "<group>"; };
		165C79161C9B00B50097F2E9 /* ViewControllerMyActivities.swift */ = {isa = PBXFileReference; fileEncoding = 4; lastKnownFileType = sourcecode.swift; path = ViewControllerMyActivities.swift; sourceTree = "<group>"; };
		165C791A1C9B04710097F2E9 /* TableViewCellMyActivities.swift */ = {isa = PBXFileReference; fileEncoding = 4; lastKnownFileType = sourcecode.swift; path = TableViewCellMyActivities.swift; sourceTree = "<group>"; };
		167E75461C91C26A00AB50A1 /* Main.storyboard */ = {isa = PBXFileReference; fileEncoding = 4; lastKnownFileType = file.storyboard; name = Main.storyboard; path = ../Main.storyboard; sourceTree = "<group>"; };
		167E75481C91DB9B00AB50A1 /* TableViewCellSpeaker.swift */ = {isa = PBXFileReference; fileEncoding = 4; lastKnownFileType = sourcecode.swift; path = TableViewCellSpeaker.swift; sourceTree = "<group>"; };
		167E754A1C91E02A00AB50A1 /* SpeakerSet.swift */ = {isa = PBXFileReference; fileEncoding = 4; lastKnownFileType = sourcecode.swift; path = SpeakerSet.swift; sourceTree = "<group>"; };
		168FCA0D1CA45B780025CEC7 /* TestActivitySet.swift */ = {isa = PBXFileReference; fileEncoding = 4; lastKnownFileType = sourcecode.swift; path = TestActivitySet.swift; sourceTree = "<group>"; };
		168FCA111CA46D880025CEC7 /* testLocationSet.swift */ = {isa = PBXFileReference; fileEncoding = 4; lastKnownFileType = sourcecode.swift; path = testLocationSet.swift; sourceTree = "<group>"; };
		168FCA131CA46E100025CEC7 /* testVisitSet.swift */ = {isa = PBXFileReference; fileEncoding = 4; lastKnownFileType = sourcecode.swift; path = testVisitSet.swift; sourceTree = "<group>"; };
		168FCA151CA46E910025CEC7 /* testSpeakerSet.swift */ = {isa = PBXFileReference; fileEncoding = 4; lastKnownFileType = sourcecode.swift; path = testSpeakerSet.swift; sourceTree = "<group>"; };
		169B890B1C92FC5D00F34E88 /* ViewControllerDetailSpeaker.swift */ = {isa = PBXFileReference; fileEncoding = 4; lastKnownFileType = sourcecode.swift; path = ViewControllerDetailSpeaker.swift; sourceTree = "<group>"; };
		169B890D1C931B6000F34E88 /* Assets.xcassets */ = {isa = PBXFileReference; lastKnownFileType = folder.assetcatalog; path = Assets.xcassets; sourceTree = "<group>"; };
		169B890F1C931D2E00F34E88 /* ViewControllerRestaurants.swift */ = {isa = PBXFileReference; fileEncoding = 4; lastKnownFileType = sourcecode.swift; path = ViewControllerRestaurants.swift; sourceTree = "<group>"; };
		16E0949A1C96F29A00A40500 /* Speaker+CoreDataProperties.swift */ = {isa = PBXFileReference; fileEncoding = 4; lastKnownFileType = sourcecode.swift; name = "Speaker+CoreDataProperties.swift"; path = "../Speaker+CoreDataProperties.swift"; sourceTree = "<group>"; };
		16E0949C1C96F29A00A40500 /* Visit.swift */ = {isa = PBXFileReference; fileEncoding = 4; lastKnownFileType = sourcecode.swift; name = Visit.swift; path = ../Visit.swift; sourceTree = "<group>"; };
		16E094AA1C975FF400A40500 /* VisitSet.swift */ = {isa = PBXFileReference; fileEncoding = 4; lastKnownFileType = sourcecode.swift; path = VisitSet.swift; sourceTree = "<group>"; };
		16E094AE1C98027200A40500 /* ViewControllerVisit.swift */ = {isa = PBXFileReference; fileEncoding = 4; lastKnownFileType = sourcecode.swift; path = ViewControllerVisit.swift; sourceTree = "<group>"; };
		16E094B21C98046200A40500 /* TableViewCellVisit.swift */ = {isa = PBXFileReference; fileEncoding = 4; lastKnownFileType = sourcecode.swift; path = TableViewCellVisit.swift; sourceTree = "<group>"; };
		16E094BE1C980EBA00A40500 /* Visit+CoreDataProperties.swift */ = {isa = PBXFileReference; fileEncoding = 4; lastKnownFileType = sourcecode.swift; name = "Visit+CoreDataProperties.swift"; path = "../Visit+CoreDataProperties.swift"; sourceTree = "<group>"; };
		16FDFB3F1C9B4CAC00F85C02 /* ViewControllerMap.swift */ = {isa = PBXFileReference; fileEncoding = 4; lastKnownFileType = sourcecode.swift; path = ViewControllerMap.swift; sourceTree = "<group>"; };
		16FDFB431C9B554300F85C02 /* TableViewCellRestaurant.swift */ = {isa = PBXFileReference; fileEncoding = 4; lastKnownFileType = sourcecode.swift; path = TableViewCellRestaurant.swift; sourceTree = "<group>"; };
		16FDFB471C9B5AEC00F85C02 /* ViewControllerDetailRestaurants.swift */ = {isa = PBXFileReference; fileEncoding = 4; lastKnownFileType = sourcecode.swift; path = ViewControllerDetailRestaurants.swift; sourceTree = "<group>"; };
		16FDFB531C9C547900F85C02 /* Location+CoreDataProperties.swift */ = {isa = PBXFileReference; fileEncoding = 4; lastKnownFileType = sourcecode.swift; name = "Location+CoreDataProperties.swift"; path = "../Location+CoreDataProperties.swift"; sourceTree = "<group>"; };
		C43EBB7D1C88E6DB00F89D90 /* fisu.app */ = {isa = PBXFileReference; explicitFileType = wrapper.application; includeInIndex = 0; path = fisu.app; sourceTree = BUILT_PRODUCTS_DIR; };
		C43EBB801C88E6DB00F89D90 /* AppDelegate.swift */ = {isa = PBXFileReference; lastKnownFileType = sourcecode.swift; path = AppDelegate.swift; sourceTree = "<group>"; };
		C43EBB821C88E6DB00F89D90 /* ViewController.swift */ = {isa = PBXFileReference; lastKnownFileType = sourcecode.swift; path = ViewController.swift; sourceTree = "<group>"; };
		C43EBB881C88E6DB00F89D90 /* fisu.xcdatamodel */ = {isa = PBXFileReference; lastKnownFileType = wrapper.xcdatamodel; path = fisu.xcdatamodel; sourceTree = "<group>"; };
		C43EBB8D1C88E6DB00F89D90 /* Base */ = {isa = PBXFileReference; lastKnownFileType = file.storyboard; name = Base; path = Base.lproj/LaunchScreen.storyboard; sourceTree = "<group>"; };
		C43EBB8F1C88E6DB00F89D90 /* Info.plist */ = {isa = PBXFileReference; lastKnownFileType = text.plist.xml; path = Info.plist; sourceTree = "<group>"; };
		C43EBB941C88E6DB00F89D90 /* fisuTests.xctest */ = {isa = PBXFileReference; explicitFileType = wrapper.cfbundle; includeInIndex = 0; path = fisuTests.xctest; sourceTree = BUILT_PRODUCTS_DIR; };
		C43EBB981C88E6DB00F89D90 /* fisuTests.swift */ = {isa = PBXFileReference; lastKnownFileType = sourcecode.swift; path = fisuTests.swift; sourceTree = "<group>"; };
		C43EBB9A1C88E6DB00F89D90 /* Info.plist */ = {isa = PBXFileReference; lastKnownFileType = text.plist.xml; path = Info.plist; sourceTree = "<group>"; };
		C43EBB9F1C88E6DB00F89D90 /* fisuUITests.xctest */ = {isa = PBXFileReference; explicitFileType = wrapper.cfbundle; includeInIndex = 0; path = fisuUITests.xctest; sourceTree = BUILT_PRODUCTS_DIR; };
		C43EBBA31C88E6DB00F89D90 /* fisuUITests.swift */ = {isa = PBXFileReference; lastKnownFileType = sourcecode.swift; path = fisuUITests.swift; sourceTree = "<group>"; };
		C43EBBA51C88E6DB00F89D90 /* Info.plist */ = {isa = PBXFileReference; lastKnownFileType = text.plist.xml; path = Info.plist; sourceTree = "<group>"; };
		C43EBBB11C88E77300F89D90 /* Activity.swift */ = {isa = PBXFileReference; fileEncoding = 4; lastKnownFileType = sourcecode.swift; path = Activity.swift; sourceTree = "<group>"; };
		C43EBBB41C88E9E100F89D90 /* ActivitySet.swift */ = {isa = PBXFileReference; fileEncoding = 4; lastKnownFileType = sourcecode.swift; path = ActivitySet.swift; sourceTree = "<group>"; };
		C43EBBBD1C88F12700F89D90 /* ActivityEnum.swift */ = {isa = PBXFileReference; fileEncoding = 4; lastKnownFileType = sourcecode.swift; path = ActivityEnum.swift; sourceTree = "<group>"; };
		C457631F1C8D714700695060 /* ViewControllerDetailActivity.swift */ = {isa = PBXFileReference; fileEncoding = 4; lastKnownFileType = sourcecode.swift; path = ViewControllerDetailActivity.swift; sourceTree = "<group>"; };
		C4FC20121C8A400C003C7FB7 /* TableViewCellHomePage.swift */ = {isa = PBXFileReference; fileEncoding = 4; lastKnownFileType = sourcecode.swift; path = TableViewCellHomePage.swift; sourceTree = "<group>"; };
		C4FDF7D91C909F4B0009E0D8 /* Speaker.swift */ = {isa = PBXFileReference; fileEncoding = 4; lastKnownFileType = sourcecode.swift; name = Speaker.swift; path = ../Speaker.swift; sourceTree = "<group>"; };
		C4FDF7E61C90A3030009E0D8 /* ViewControllerConference.swift */ = {isa = PBXFileReference; fileEncoding = 4; lastKnownFileType = sourcecode.swift; path = ViewControllerConference.swift; sourceTree = "<group>"; };
/* End PBXFileReference section */

/* Begin PBXFrameworksBuildPhase section */
		C43EBB7A1C88E6DB00F89D90 /* Frameworks */ = {
			isa = PBXFrameworksBuildPhase;
			buildActionMask = 2147483647;
			files = (
			);
			runOnlyForDeploymentPostprocessing = 0;
		};
		C43EBB911C88E6DB00F89D90 /* Frameworks */ = {
			isa = PBXFrameworksBuildPhase;
			buildActionMask = 2147483647;
			files = (
			);
			runOnlyForDeploymentPostprocessing = 0;
		};
		C43EBB9C1C88E6DB00F89D90 /* Frameworks */ = {
			isa = PBXFrameworksBuildPhase;
			buildActionMask = 2147483647;
			files = (
			);
			runOnlyForDeploymentPostprocessing = 0;
		};
/* End PBXFrameworksBuildPhase section */

/* Begin PBXGroup section */
		C43EBB741C88E6DB00F89D90 = {
			isa = PBXGroup;
			children = (
				C43EBB7F1C88E6DB00F89D90 /* fisu */,
				C43EBB971C88E6DB00F89D90 /* fisuTests */,
				C43EBBA21C88E6DB00F89D90 /* fisuUITests */,
				C43EBB7E1C88E6DB00F89D90 /* Products */,
			);
			sourceTree = "<group>";
		};
		C43EBB7E1C88E6DB00F89D90 /* Products */ = {
			isa = PBXGroup;
			children = (
				C43EBB7D1C88E6DB00F89D90 /* fisu.app */,
				C43EBB941C88E6DB00F89D90 /* fisuTests.xctest */,
				C43EBB9F1C88E6DB00F89D90 /* fisuUITests.xctest */,
			);
			name = Products;
			sourceTree = "<group>";
		};
		C43EBB7F1C88E6DB00F89D90 /* fisu */ = {
			isa = PBXGroup;
			children = (
				C43EBB821C88E6DB00F89D90 /* ViewController.swift */,
				C4FDF7E61C90A3030009E0D8 /* ViewControllerConference.swift */,
				C457631F1C8D714700695060 /* ViewControllerDetailActivity.swift */,
				169B890B1C92FC5D00F34E88 /* ViewControllerDetailSpeaker.swift */,
				16FDFB471C9B5AEC00F85C02 /* ViewControllerDetailRestaurants.swift */,
				169B890F1C931D2E00F34E88 /* ViewControllerRestaurants.swift */,
				16FDFB3F1C9B4CAC00F85C02 /* ViewControllerMap.swift */,
				16E094AE1C98027200A40500 /* ViewControllerVisit.swift */,
				163FCB631C99CD43000D495C /* ViewControllerVisitMap.swift */,
				165C79161C9B00B50097F2E9 /* ViewControllerMyActivities.swift */,
				167E75461C91C26A00AB50A1 /* Main.storyboard */,
				169B890D1C931B6000F34E88 /* Assets.xcassets */,
				C43EBB801C88E6DB00F89D90 /* AppDelegate.swift */,
				165C791A1C9B04710097F2E9 /* TableViewCellMyActivities.swift */,
				C4FC20121C8A400C003C7FB7 /* TableViewCellHomePage.swift */,
				167E75481C91DB9B00AB50A1 /* TableViewCellSpeaker.swift */,
				16E094B21C98046200A40500 /* TableViewCellVisit.swift */,
				16FDFB431C9B554300F85C02 /* TableViewCellRestaurant.swift */,
				C43EBB8C1C88E6DB00F89D90 /* LaunchScreen.storyboard */,
				C43EBB8F1C88E6DB00F89D90 /* Info.plist */,
				C43EBB871C88E6DB00F89D90 /* fisu.xcdatamodeld */,
				1646A78D1C9035AD00A236FB /* Location.swift */,
				1646A7941C90384600A236FB /* LocationSet.swift */,
				16FDFB531C9C547900F85C02 /* Location+CoreDataProperties.swift */,
				C43EBBB11C88E77300F89D90 /* Activity.swift */,
				C43EBBB41C88E9E100F89D90 /* ActivitySet.swift */,
				160308B31CA6BC82001FD5FB /* Activity+CoreDataProperties.swift */,
				C43EBBBD1C88F12700F89D90 /* ActivityEnum.swift */,
				16E094BE1C980EBA00A40500 /* Visit+CoreDataProperties.swift */,
				16E0949C1C96F29A00A40500 /* Visit.swift */,
				16E094AA1C975FF400A40500 /* VisitSet.swift */,
				C4FDF7D91C909F4B0009E0D8 /* Speaker.swift */,
				16E0949A1C96F29A00A40500 /* Speaker+CoreDataProperties.swift */,
				167E754A1C91E02A00AB50A1 /* SpeakerSet.swift */,
			);
			path = fisu;
			sourceTree = "<group>";
		};
		C43EBB971C88E6DB00F89D90 /* fisuTests */ = {
			isa = PBXGroup;
			children = (
				168FCA0D1CA45B780025CEC7 /* TestActivitySet.swift */,
				168FCA151CA46E910025CEC7 /* testSpeakerSet.swift */,
				168FCA131CA46E100025CEC7 /* testVisitSet.swift */,
				168FCA111CA46D880025CEC7 /* testLocationSet.swift */,
				C43EBB981C88E6DB00F89D90 /* fisuTests.swift */,
				C43EBB9A1C88E6DB00F89D90 /* Info.plist */,
			);
			path = fisuTests;
			sourceTree = "<group>";
		};
		C43EBBA21C88E6DB00F89D90 /* fisuUITests */ = {
			isa = PBXGroup;
			children = (
				C43EBBA31C88E6DB00F89D90 /* fisuUITests.swift */,
				C43EBBA51C88E6DB00F89D90 /* Info.plist */,
			);
			path = fisuUITests;
			sourceTree = "<group>";
		};
/* End PBXGroup section */

/* Begin PBXNativeTarget section */
		C43EBB7C1C88E6DB00F89D90 /* fisu */ = {
			isa = PBXNativeTarget;
			buildConfigurationList = C43EBBA81C88E6DB00F89D90 /* Build configuration list for PBXNativeTarget "fisu" */;
			buildPhases = (
				C43EBB791C88E6DB00F89D90 /* Sources */,
				C43EBB7A1C88E6DB00F89D90 /* Frameworks */,
				C43EBB7B1C88E6DB00F89D90 /* Resources */,
			);
			buildRules = (
			);
			dependencies = (
			);
			name = fisu;
			productName = fisu;
			productReference = C43EBB7D1C88E6DB00F89D90 /* fisu.app */;
			productType = "com.apple.product-type.application";
		};
		C43EBB931C88E6DB00F89D90 /* fisuTests */ = {
			isa = PBXNativeTarget;
			buildConfigurationList = C43EBBAB1C88E6DB00F89D90 /* Build configuration list for PBXNativeTarget "fisuTests" */;
			buildPhases = (
				C43EBB901C88E6DB00F89D90 /* Sources */,
				C43EBB911C88E6DB00F89D90 /* Frameworks */,
				C43EBB921C88E6DB00F89D90 /* Resources */,
			);
			buildRules = (
			);
			dependencies = (
				C43EBB961C88E6DB00F89D90 /* PBXTargetDependency */,
			);
			name = fisuTests;
			productName = fisuTests;
			productReference = C43EBB941C88E6DB00F89D90 /* fisuTests.xctest */;
			productType = "com.apple.product-type.bundle.unit-test";
		};
		C43EBB9E1C88E6DB00F89D90 /* fisuUITests */ = {
			isa = PBXNativeTarget;
			buildConfigurationList = C43EBBAE1C88E6DB00F89D90 /* Build configuration list for PBXNativeTarget "fisuUITests" */;
			buildPhases = (
				C43EBB9B1C88E6DB00F89D90 /* Sources */,
				C43EBB9C1C88E6DB00F89D90 /* Frameworks */,
				C43EBB9D1C88E6DB00F89D90 /* Resources */,
			);
			buildRules = (
			);
			dependencies = (
				C43EBBA11C88E6DB00F89D90 /* PBXTargetDependency */,
			);
			name = fisuUITests;
			productName = fisuUITests;
			productReference = C43EBB9F1C88E6DB00F89D90 /* fisuUITests.xctest */;
			productType = "com.apple.product-type.bundle.ui-testing";
		};
/* End PBXNativeTarget section */

/* Begin PBXProject section */
		C43EBB751C88E6DB00F89D90 /* Project object */ = {
			isa = PBXProject;
			attributes = {
				LastSwiftUpdateCheck = 0720;
				LastUpgradeCheck = 0720;
				ORGANIZATIONNAME = "kevin margueritte";
				TargetAttributes = {
					C43EBB7C1C88E6DB00F89D90 = {
						CreatedOnToolsVersion = 7.2.1;
						DevelopmentTeam = 888VD4UEXH;
					};
					C43EBB931C88E6DB00F89D90 = {
						CreatedOnToolsVersion = 7.2.1;
						TestTargetID = C43EBB7C1C88E6DB00F89D90;
					};
					C43EBB9E1C88E6DB00F89D90 = {
						CreatedOnToolsVersion = 7.2.1;
						TestTargetID = C43EBB7C1C88E6DB00F89D90;
					};
				};
			};
			buildConfigurationList = C43EBB781C88E6DB00F89D90 /* Build configuration list for PBXProject "fisu" */;
			compatibilityVersion = "Xcode 3.2";
			developmentRegion = English;
			hasScannedForEncodings = 0;
			knownRegions = (
				en,
				Base,
			);
			mainGroup = C43EBB741C88E6DB00F89D90;
			productRefGroup = C43EBB7E1C88E6DB00F89D90 /* Products */;
			projectDirPath = "";
			projectRoot = "";
			targets = (
				C43EBB7C1C88E6DB00F89D90 /* fisu */,
				C43EBB931C88E6DB00F89D90 /* fisuTests */,
				C43EBB9E1C88E6DB00F89D90 /* fisuUITests */,
			);
		};
/* End PBXProject section */

/* Begin PBXResourcesBuildPhase section */
		C43EBB7B1C88E6DB00F89D90 /* Resources */ = {
			isa = PBXResourcesBuildPhase;
			buildActionMask = 2147483647;
			files = (
				C43EBB8E1C88E6DB00F89D90 /* LaunchScreen.storyboard in Resources */,
				169B890E1C931B6000F34E88 /* Assets.xcassets in Resources */,
				167E75471C91C26A00AB50A1 /* Main.storyboard in Resources */,
			);
			runOnlyForDeploymentPostprocessing = 0;
		};
		C43EBB921C88E6DB00F89D90 /* Resources */ = {
			isa = PBXResourcesBuildPhase;
			buildActionMask = 2147483647;
			files = (
			);
			runOnlyForDeploymentPostprocessing = 0;
		};
		C43EBB9D1C88E6DB00F89D90 /* Resources */ = {
			isa = PBXResourcesBuildPhase;
			buildActionMask = 2147483647;
			files = (
			);
			runOnlyForDeploymentPostprocessing = 0;
		};
/* End PBXResourcesBuildPhase section */

/* Begin PBXSourcesBuildPhase section */
		C43EBB791C88E6DB00F89D90 /* Sources */ = {
			isa = PBXSourcesBuildPhase;
			buildActionMask = 2147483647;
			files = (
				16FDFB441C9B554300F85C02 /* TableViewCellRestaurant.swift in Sources */,
				16E094AB1C975FF400A40500 /* VisitSet.swift in Sources */,
				160308B51CA6BC82001FD5FB /* Activity+CoreDataProperties.swift in Sources */,
				C43EBBBE1C88F12700F89D90 /* ActivityEnum.swift in Sources */,
				1646A7911C9035AD00A236FB /* Location.swift in Sources */,
				169B890C1C92FC5D00F34E88 /* ViewControllerDetailSpeaker.swift in Sources */,
				167E754B1C91E02A00AB50A1 /* SpeakerSet.swift in Sources */,
				167E75491C91DB9B00AB50A1 /* TableViewCellSpeaker.swift in Sources */,
				C43EBB891C88E6DB00F89D90 /* fisu.xcdatamodeld in Sources */,
				C45763201C8D714700695060 /* ViewControllerDetailActivity.swift in Sources */,
				169B89101C931D2E00F34E88 /* ViewControllerRestaurants.swift in Sources */,
				16FDFB401C9B4CAC00F85C02 /* ViewControllerMap.swift in Sources */,
				1646A7951C90384600A236FB /* LocationSet.swift in Sources */,
				C43EBB831C88E6DB00F89D90 /* ViewController.swift in Sources */,
				16FDFB551C9C547900F85C02 /* Location+CoreDataProperties.swift in Sources */,
				C4FC20131C8A400C003C7FB7 /* TableViewCellHomePage.swift in Sources */,
				C43EBBB21C88E77300F89D90 /* Activity.swift in Sources */,
				16E094AF1C98027200A40500 /* ViewControllerVisit.swift in Sources */,
				165C79171C9B00B50097F2E9 /* ViewControllerMyActivities.swift in Sources */,
				16E094A11C96F29A00A40500 /* Speaker+CoreDataProperties.swift in Sources */,
				165C791B1C9B04710097F2E9 /* TableViewCellMyActivities.swift in Sources */,
				C4FDF7E71C90A3030009E0D8 /* ViewControllerConference.swift in Sources */,
				16E094A31C96F29A00A40500 /* Visit.swift in Sources */,
				C4FDF7DB1C909F4B0009E0D8 /* Speaker.swift in Sources */,
				16E094BF1C980EBA00A40500 /* Visit+CoreDataProperties.swift in Sources */,
				16E094B31C98046200A40500 /* TableViewCellVisit.swift in Sources */,
				163FCB641C99CD43000D495C /* ViewControllerVisitMap.swift in Sources */,
				C43EBB811C88E6DB00F89D90 /* AppDelegate.swift in Sources */,
				16FDFB481C9B5AEC00F85C02 /* ViewControllerDetailRestaurants.swift in Sources */,
				C43EBBB51C88E9E100F89D90 /* ActivitySet.swift in Sources */,
			);
			runOnlyForDeploymentPostprocessing = 0;
		};
		C43EBB901C88E6DB00F89D90 /* Sources */ = {
			isa = PBXSourcesBuildPhase;
			buildActionMask = 2147483647;
			files = (
				168FCA161CA46E910025CEC7 /* testSpeakerSet.swift in Sources */,
				168FCA0F1CA45B780025CEC7 /* TestActivitySet.swift in Sources */,
				16E094B41C98046200A40500 /* TableViewCellVisit.swift in Sources */,
				16FDFB451C9B554300F85C02 /* TableViewCellRestaurant.swift in Sources */,
				C43EBB991C88E6DB00F89D90 /* fisuTests.swift in Sources */,
				168FCA141CA46E100025CEC7 /* testVisitSet.swift in Sources */,
				168FCA121CA46D880025CEC7 /* testLocationSet.swift in Sources */,
			);
			runOnlyForDeploymentPostprocessing = 0;
		};
		C43EBB9B1C88E6DB00F89D90 /* Sources */ = {
			isa = PBXSourcesBuildPhase;
			buildActionMask = 2147483647;
			files = (
				16FDFB461C9B554300F85C02 /* TableViewCellRestaurant.swift in Sources */,
				C43EBBA41C88E6DB00F89D90 /* fisuUITests.swift in Sources */,
				16E094B51C98046200A40500 /* TableViewCellVisit.swift in Sources */,
			);
			runOnlyForDeploymentPostprocessing = 0;
		};
/* End PBXSourcesBuildPhase section */

/* Begin PBXTargetDependency section */
		C43EBB961C88E6DB00F89D90 /* PBXTargetDependency */ = {
			isa = PBXTargetDependency;
			target = C43EBB7C1C88E6DB00F89D90 /* fisu */;
			targetProxy = C43EBB951C88E6DB00F89D90 /* PBXContainerItemProxy */;
		};
		C43EBBA11C88E6DB00F89D90 /* PBXTargetDependency */ = {
			isa = PBXTargetDependency;
			target = C43EBB7C1C88E6DB00F89D90 /* fisu */;
			targetProxy = C43EBBA01C88E6DB00F89D90 /* PBXContainerItemProxy */;
		};
/* End PBXTargetDependency section */

/* Begin PBXVariantGroup section */
		C43EBB8C1C88E6DB00F89D90 /* LaunchScreen.storyboard */ = {
			isa = PBXVariantGroup;
			children = (
				C43EBB8D1C88E6DB00F89D90 /* Base */,
			);
			name = LaunchScreen.storyboard;
			sourceTree = "<group>";
		};
/* End PBXVariantGroup section */

/* Begin XCBuildConfiguration section */
		C43EBBA61C88E6DB00F89D90 /* Debug */ = {
			isa = XCBuildConfiguration;
			buildSettings = {
				ALWAYS_SEARCH_USER_PATHS = NO;
				CLANG_CXX_LANGUAGE_STANDARD = "gnu++0x";
				CLANG_CXX_LIBRARY = "libc++";
				CLANG_ENABLE_MODULES = YES;
				CLANG_ENABLE_OBJC_ARC = YES;
				CLANG_WARN_BOOL_CONVERSION = YES;
				CLANG_WARN_CONSTANT_CONVERSION = YES;
				CLANG_WARN_DIRECT_OBJC_ISA_USAGE = YES_ERROR;
				CLANG_WARN_EMPTY_BODY = YES;
				CLANG_WARN_ENUM_CONVERSION = YES;
				CLANG_WARN_INT_CONVERSION = YES;
				CLANG_WARN_OBJC_ROOT_CLASS = YES_ERROR;
				CLANG_WARN_UNREACHABLE_CODE = YES;
				CLANG_WARN__DUPLICATE_METHOD_MATCH = YES;
				"CODE_SIGN_IDENTITY[sdk=iphoneos*]" = "iPhone Developer";
				COPY_PHASE_STRIP = NO;
				DEBUG_INFORMATION_FORMAT = dwarf;
				ENABLE_STRICT_OBJC_MSGSEND = YES;
				ENABLE_TESTABILITY = YES;
				GCC_C_LANGUAGE_STANDARD = gnu99;
				GCC_DYNAMIC_NO_PIC = NO;
				GCC_NO_COMMON_BLOCKS = YES;
				GCC_OPTIMIZATION_LEVEL = 0;
				GCC_PREPROCESSOR_DEFINITIONS = (
					"DEBUG=1",
					"$(inherited)",
				);
				GCC_WARN_64_TO_32_BIT_CONVERSION = YES;
				GCC_WARN_ABOUT_RETURN_TYPE = YES_ERROR;
				GCC_WARN_UNDECLARED_SELECTOR = YES;
				GCC_WARN_UNINITIALIZED_AUTOS = YES_AGGRESSIVE;
				GCC_WARN_UNUSED_FUNCTION = YES;
				GCC_WARN_UNUSED_VARIABLE = YES;
				IPHONEOS_DEPLOYMENT_TARGET = 9.2;
				MTL_ENABLE_DEBUG_INFO = YES;
				ONLY_ACTIVE_ARCH = YES;
				SDKROOT = iphoneos;
				SWIFT_OPTIMIZATION_LEVEL = "-Onone";
				TARGETED_DEVICE_FAMILY = "1,2";
			};
			name = Debug;
		};
		C43EBBA71C88E6DB00F89D90 /* Release */ = {
			isa = XCBuildConfiguration;
			buildSettings = {
				ALWAYS_SEARCH_USER_PATHS = NO;
				CLANG_CXX_LANGUAGE_STANDARD = "gnu++0x";
				CLANG_CXX_LIBRARY = "libc++";
				CLANG_ENABLE_MODULES = YES;
				CLANG_ENABLE_OBJC_ARC = YES;
				CLANG_WARN_BOOL_CONVERSION = YES;
				CLANG_WARN_CONSTANT_CONVERSION = YES;
				CLANG_WARN_DIRECT_OBJC_ISA_USAGE = YES_ERROR;
				CLANG_WARN_EMPTY_BODY = YES;
				CLANG_WARN_ENUM_CONVERSION = YES;
				CLANG_WARN_INT_CONVERSION = YES;
				CLANG_WARN_OBJC_ROOT_CLASS = YES_ERROR;
				CLANG_WARN_UNREACHABLE_CODE = YES;
				CLANG_WARN__DUPLICATE_METHOD_MATCH = YES;
				"CODE_SIGN_IDENTITY[sdk=iphoneos*]" = "iPhone Developer";
				COPY_PHASE_STRIP = NO;
				DEBUG_INFORMATION_FORMAT = "dwarf-with-dsym";
				ENABLE_NS_ASSERTIONS = NO;
				ENABLE_STRICT_OBJC_MSGSEND = YES;
				GCC_C_LANGUAGE_STANDARD = gnu99;
				GCC_NO_COMMON_BLOCKS = YES;
				GCC_WARN_64_TO_32_BIT_CONVERSION = YES;
				GCC_WARN_ABOUT_RETURN_TYPE = YES_ERROR;
				GCC_WARN_UNDECLARED_SELECTOR = YES;
				GCC_WARN_UNINITIALIZED_AUTOS = YES_AGGRESSIVE;
				GCC_WARN_UNUSED_FUNCTION = YES;
				GCC_WARN_UNUSED_VARIABLE = YES;
				IPHONEOS_DEPLOYMENT_TARGET = 9.2;
				MTL_ENABLE_DEBUG_INFO = NO;
				SDKROOT = iphoneos;
				TARGETED_DEVICE_FAMILY = "1,2";
				VALIDATE_PRODUCT = YES;
			};
			name = Release;
		};
		C43EBBA91C88E6DB00F89D90 /* Debug */ = {
			isa = XCBuildConfiguration;
			buildSettings = {
				ASSETCATALOG_COMPILER_APPICON_NAME = AppIcon;
				CODE_SIGN_IDENTITY = "iPhone Developer";
				"CODE_SIGN_IDENTITY[sdk=iphoneos*]" = "iPhone Developer";
				INFOPLIST_FILE = fisu/Info.plist;
				IPHONEOS_DEPLOYMENT_TARGET = 9.2;
				LD_RUNPATH_SEARCH_PATHS = "$(inherited) @executable_path/Frameworks";
				PRODUCT_BUNDLE_IDENTIFIER = com.polytech.fisu;
				PRODUCT_NAME = "$(TARGET_NAME)";
				PROVISIONING_PROFILE = "";
			};
			name = Debug;
		};
		C43EBBAA1C88E6DB00F89D90 /* Release */ = {
			isa = XCBuildConfiguration;
			buildSettings = {
				ASSETCATALOG_COMPILER_APPICON_NAME = AppIcon;
				CODE_SIGN_IDENTITY = "iPhone Developer";
				"CODE_SIGN_IDENTITY[sdk=iphoneos*]" = "iPhone Developer";
				INFOPLIST_FILE = fisu/Info.plist;
				IPHONEOS_DEPLOYMENT_TARGET = 9.2;
				LD_RUNPATH_SEARCH_PATHS = "$(inherited) @executable_path/Frameworks";
				PRODUCT_BUNDLE_IDENTIFIER = com.polytech.fisu;
				PRODUCT_NAME = "$(TARGET_NAME)";
				PROVISIONING_PROFILE = "";
			};
			name = Release;
		};
		C43EBBAC1C88E6DB00F89D90 /* Debug */ = {
			isa = XCBuildConfiguration;
			buildSettings = {
				BUNDLE_LOADER = "$(TEST_HOST)";
				INFOPLIST_FILE = fisuTests/Info.plist;
				LD_RUNPATH_SEARCH_PATHS = "$(inherited) @executable_path/Frameworks @loader_path/Frameworks";
				PRODUCT_BUNDLE_IDENTIFIER = com.polytech.fisuTests;
				PRODUCT_NAME = "$(TARGET_NAME)";
				TEST_HOST = "$(BUILT_PRODUCTS_DIR)/fisu.app/fisu";
			};
			name = Debug;
		};
		C43EBBAD1C88E6DB00F89D90 /* Release */ = {
			isa = XCBuildConfiguration;
			buildSettings = {
				BUNDLE_LOADER = "$(TEST_HOST)";
				INFOPLIST_FILE = fisuTests/Info.plist;
				LD_RUNPATH_SEARCH_PATHS = "$(inherited) @executable_path/Frameworks @loader_path/Frameworks";
				PRODUCT_BUNDLE_IDENTIFIER = com.polytech.fisuTests;
				PRODUCT_NAME = "$(TARGET_NAME)";
				TEST_HOST = "$(BUILT_PRODUCTS_DIR)/fisu.app/fisu";
			};
			name = Release;
		};
		C43EBBAF1C88E6DB00F89D90 /* Debug */ = {
			isa = XCBuildConfiguration;
			buildSettings = {
				INFOPLIST_FILE = fisuUITests/Info.plist;
				LD_RUNPATH_SEARCH_PATHS = "$(inherited) @executable_path/Frameworks @loader_path/Frameworks";
				PRODUCT_BUNDLE_IDENTIFIER = com.polytech.fisuUITests;
				PRODUCT_NAME = "$(TARGET_NAME)";
				TEST_TARGET_NAME = fisu;
				USES_XCTRUNNER = YES;
			};
			name = Debug;
		};
		C43EBBB01C88E6DB00F89D90 /* Release */ = {
			isa = XCBuildConfiguration;
			buildSettings = {
				INFOPLIST_FILE = fisuUITests/Info.plist;
				LD_RUNPATH_SEARCH_PATHS = "$(inherited) @executable_path/Frameworks @loader_path/Frameworks";
				PRODUCT_BUNDLE_IDENTIFIER = com.polytech.fisuUITests;
				PRODUCT_NAME = "$(TARGET_NAME)";
				TEST_TARGET_NAME = fisu;
				USES_XCTRUNNER = YES;
			};
			name = Release;
		};
/* End XCBuildConfiguration section */

/* Begin XCConfigurationList section */
		C43EBB781C88E6DB00F89D90 /* Build configuration list for PBXProject "fisu" */ = {
			isa = XCConfigurationList;
			buildConfigurations = (
				C43EBBA61C88E6DB00F89D90 /* Debug */,
				C43EBBA71C88E6DB00F89D90 /* Release */,
			);
			defaultConfigurationIsVisible = 0;
			defaultConfigurationName = Release;
		};
		C43EBBA81C88E6DB00F89D90 /* Build configuration list for PBXNativeTarget "fisu" */ = {
			isa = XCConfigurationList;
			buildConfigurations = (
				C43EBBA91C88E6DB00F89D90 /* Debug */,
				C43EBBAA1C88E6DB00F89D90 /* Release */,
			);
			defaultConfigurationIsVisible = 0;
			defaultConfigurationName = Release;
		};
		C43EBBAB1C88E6DB00F89D90 /* Build configuration list for PBXNativeTarget "fisuTests" */ = {
			isa = XCConfigurationList;
			buildConfigurations = (
				C43EBBAC1C88E6DB00F89D90 /* Debug */,
				C43EBBAD1C88E6DB00F89D90 /* Release */,
			);
			defaultConfigurationIsVisible = 0;
			defaultConfigurationName = Release;
		};
		C43EBBAE1C88E6DB00F89D90 /* Build configuration list for PBXNativeTarget "fisuUITests" */ = {
			isa = XCConfigurationList;
			buildConfigurations = (
				C43EBBAF1C88E6DB00F89D90 /* Debug */,
				C43EBBB01C88E6DB00F89D90 /* Release */,
			);
			defaultConfigurationIsVisible = 0;
			defaultConfigurationName = Release;
		};
/* End XCConfigurationList section */

/* Begin XCVersionGroup section */
		C43EBB871C88E6DB00F89D90 /* fisu.xcdatamodeld */ = {
			isa = XCVersionGroup;
			children = (
				C43EBB881C88E6DB00F89D90 /* fisu.xcdatamodel */,
			);
			currentVersion = C43EBB881C88E6DB00F89D90 /* fisu.xcdatamodel */;
			path = fisu.xcdatamodeld;
			sourceTree = "<group>";
			versionGroupType = wrapper.xcdatamodel;
		};
/* End XCVersionGroup section */
	};
	rootObject = C43EBB751C88E6DB00F89D90 /* Project object */;
}
